{
    "_readme": [
        "This file locks the dependencies of your project to a known state",
        "Read more about it at https://getcomposer.org/doc/01-basic-usage.md#composer-lock-the-lock-file",
        "This file is @generated automatically"
    ],
    "hash": "c8c62fe6f3c931d744aec106492e081c",
    "packages": [
        {
            "name": "ntentan/utils",
            "version": "dev-master",
            "source": {
                "type": "git",
                "url": "https://github.com/ntentan/utils.git",
                "reference": "e739f8c212bbca0d35b1012652e547336c11beb9"
            },
            "dist": {
                "type": "zip",
                "url": "https://api.github.com/repos/ntentan/utils/zipball/e739f8c212bbca0d35b1012652e547336c11beb9",
                "reference": "e739f8c212bbca0d35b1012652e547336c11beb9",
                "shasum": ""
            },
            "require-dev": {
                "phpunit/phpunit": "4.*"
            },
            "type": "library",
            "autoload": {
                "psr-4": {
                    "ntentan\\utils\\": "src/"
                }
            },
            "notification-url": "https://packagist.org/downloads/",
            "license": [
                "MIT"
            ],
            "authors": [
                {
                    "name": "Ekow Abaka Ainooson",
                    "email": "jainooson@gmail.com"
                }
            ],
            "description": "Common utility functions shared accross the ntentan framework.",
            "time": "2015-08-23 10:27:43"
        }
    ],
    "packages-dev": [],
    "aliases": [],
    "minimum-stability": "stable",
    "stability-flags": {
        "ntentan/utils": 20
    },
    "prefer-stable": false,
    "prefer-lowest": false,
    "platform": [],
    "platform-dev": []
}
