{
    "_readme": [
        "This file locks the dependencies of your project to a known state",
        "Read more about it at https://getcomposer.org/doc/01-basic-usage.md#composer-lock-the-lock-file",
        "This file is @generated automatically"
    ],
    "content-hash": "63c5c40ed03335e071f320c6a0015714",
    "packages": [
        {
            "name": "ntentan/utils",
            "version": "v0.5.0",
            "source": {
                "type": "git",
                "url": "https://github.com/ntentan/utils.git",
                "reference": "78c4ab521db9e0955ad60b0abfff94c70a281b09"
            },
            "dist": {
                "type": "zip",
                "url": "https://api.github.com/repos/ntentan/utils/zipball/78c4ab521db9e0955ad60b0abfff94c70a281b09",
                "reference": "78c4ab521db9e0955ad60b0abfff94c70a281b09",
                "shasum": ""
            },
            "require-dev": {
                "mikey179/vfsstream": "~1.0",
                "phpunit/phpunit": "@stable"
            },
            "type": "library",
            "autoload": {
                "psr-4": {
                    "ntentan\\utils\\": "src/",
                    "ntentan\\utils\\tests\\": "tests/"
                }
            },
            "notification-url": "https://packagist.org/downloads/",
            "license": [
                "MIT"
            ],
            "authors": [
                {
                    "name": "Ekow Abaka Ainooson",
                    "email": "jainooson@gmail.com"
                }
            ],
            "description": "Common utility functions shared accross the ntentan framework.",
            "time": "2017-07-25T01:30:37+00:00"
        }
    ],
    "packages-dev": [],
    "aliases": [],
    "minimum-stability": "stable",
    "stability-flags": [],
    "prefer-stable": false,
    "prefer-lowest": false,
    "platform": [],
    "platform-dev": []
}
